{
  "name": "@mf-root/mf-rpc",
  "version": "0.0.1",
  "lockfileVersion": 2,
  "requires": true,
  "packages": {
    "": {
      "name": "@mf-root/mf-rpc",
      "version": "0.0.1",
      "license": "Apache-2.0",
      "dependencies": {
        "framebus": "^4.0.4",
        "worker-rpc": "^0.2.0"
      }
    },
    "node_modules/@braintree/uuid": {
      "version": "0.1.0",
      "resolved": "https://registry.npmjs.org/@braintree/uuid/-/uuid-0.1.0.tgz",
      "integrity": "sha512-YvZJdlNcK5EnR+7M8AjgEAf4Qx696+FOSYlPfy5ePn80vODtVAUU0FxHnzKZC0og1VbDNQDDiwhthR65D4Na0g=="
    },
    "node_modules/framebus": {
      "version": "4.0.5",
      "resolved": "https://registry.npmjs.org/framebus/-/framebus-4.0.5.tgz",
      "integrity": "sha512-fVmyLbiYUWW2HA5HL8++BR74mT9XXWEDy+vCirgcZsFVzyAMPnby8SMXo35ba3lNQk+8wwJ8etOeK9I03qsIxg==",
      "dependencies": {
        "@braintree/uuid": "^0.1.0"
      }
    },
    "node_modules/microevent.ts": {
      "version": "0.2.1",
      "resolved": "https://registry.npmjs.org/microevent.ts/-/microevent.ts-0.2.1.tgz",
      "integrity": "sha512-YaOQr4V70QzTy3sTRkBUa7+clmN4rMdKs9L5wCCxYjo8gknO/FXhcEX5Pot4IWtAdiZqhxN7vskoywQbAOAkDQ=="
    },
    "node_modules/worker-rpc": {
      "version": "0.2.0",
      "resolved": "https://registry.npmjs.org/worker-rpc/-/worker-rpc-0.2.0.tgz",
      "integrity": "sha512-S74HnfAdmMlUYmr6+Lx6TmxvffM2vRZSk4RfI/Bxco4xZGw+FREzLRZhFxf8QIzI2/5NKNMn5+Pj69Bp+rweIg==",
      "dependencies": {
        "microevent.ts": "~0.2.1"
      }
    }
  },
  "dependencies": {
    "@braintree/uuid": {
      "version": "0.1.0",
      "resolved": "https://registry.npmjs.org/@braintree/uuid/-/uuid-0.1.0.tgz",
      "integrity": "sha512-YvZJdlNcK5EnR+7M8AjgEAf4Qx696+FOSYlPfy5ePn80vODtVAUU0FxHnzKZC0og1VbDNQDDiwhthR65D4Na0g=="
    },
    "framebus": {
      "version": "4.0.5",
      "resolved": "https://registry.npmjs.org/framebus/-/framebus-4.0.5.tgz",
      "integrity": "sha512-fVmyLbiYUWW2HA5HL8++BR74mT9XXWEDy+vCirgcZsFVzyAMPnby8SMXo35ba3lNQk+8wwJ8etOeK9I03qsIxg==",
      "requires": {
        "@braintree/uuid": "^0.1.0"
      }
    },
    "microevent.ts": {
      "version": "0.2.1",
      "resolved": "https://registry.npmjs.org/microevent.ts/-/microevent.ts-0.2.1.tgz",
      "integrity": "sha512-YaOQr4V70QzTy3sTRkBUa7+clmN4rMdKs9L5wCCxYjo8gknO/FXhcEX5Pot4IWtAdiZqhxN7vskoywQbAOAkDQ=="
    },
    "worker-rpc": {
      "version": "0.2.0",
      "resolved": "https://registry.npmjs.org/worker-rpc/-/worker-rpc-0.2.0.tgz",
      "integrity": "sha512-S74HnfAdmMlUYmr6+Lx6TmxvffM2vRZSk4RfI/Bxco4xZGw+FREzLRZhFxf8QIzI2/5NKNMn5+Pj69Bp+rweIg==",
      "requires": {
        "microevent.ts": "~0.2.1"
      }
    }
  }
}
